
Microsoft Visual Studio Solution File, Format Version 12.00
# Visual Studio Version 17
VisualStudioVersion = 17.0.32112.339
MinimumVisualStudioVersion = 10.0.40219.1
Project("{FAE04EC0-301F-11D3-BF4B-00C04F79EFBC}") = "CoingeckoParser", "CoingeckoParser\CoingeckoParser.csproj", "{83F5AD42-4670-40F0-8A57-97871BD3158B}"
EndProject
Global
	GlobalSection(SolutionConfigurationPlatforms) = preSolution
		Debug|Any CPU = Debug|Any CPU
		Release|Any CPU = Release|Any CPU
	EndGlobalSection
	GlobalSection(ProjectConfigurationPlatforms) = postSolution
		{83F5AD42-4670-40F0-8A57-97871BD3158B}.Debug|Any CPU.ActiveCfg = Debug|Any CPU
		{83F5AD42-4670-40F0-8A57-97871BD3158B}.Debug|Any CPU.Build.0 = Debug|Any CPU
		{83F5AD42-4670-40F0-8A57-97871BD3158B}.Release|Any CPU.ActiveCfg = Release|Any CPU
		{83F5AD42-4670-40F0-8A57-97871BD3158B}.Release|Any CPU.Build.0 = Release|Any CPU
	EndGlobalSection
	GlobalSection(SolutionProperties) = preSolution
		HideSolutionNode = FALSE
	EndGlobalSection
	GlobalSection(ExtensibilityGlobals) = postSolution
		SolutionGuid = {29E52F55-B491-4F92-B991-3C39D736B45E}
	EndGlobalSection
EndGlobal
